
Microsoft Visual Studio Solution File, Format Version 12.00
# Visual Studio Version 17
VisualStudioVersion = 17.9.34607.119
MinimumVisualStudioVersion = 10.0.40219.1
Project("{FAE04EC0-301F-11D3-BF4B-00C04F79EFBC}") = "DerslerVeEgitmenler", "DerslerVeEgitmenler\DerslerVeEgitmenler.csproj", "{82E8A86C-1336-449E-86A6-C71F9CDBE274}"
EndProject
Project("{FAE04EC0-301F-11D3-BF4B-00C04F79EFBC}") = "polinom", "polinom\polinom.csproj", "{C0A91B22-FB32-4688-A359-B4BCB13DF451}"
EndProject
Project("{FAE04EC0-301F-11D3-BF4B-00C04F79EFBC}") = "Points", "Points\Points.csproj", "{C459688B-000B-4705-9E18-028E3A0FCC42}"
EndProject
Project("{FAE04EC0-301F-11D3-BF4B-00C04F79EFBC}") = "cikolataSatis", "cikolataSatis\cikolataSatis.csproj", "{686CAD67-A58B-4C8C-89E6-6393D878CE0B}"
EndProject
Project("{FAE04EC0-301F-11D3-BF4B-00C04F79EFBC}") = "Cizim", "Cizim\Cizim.csproj", "{96E81F7F-2971-4236-878A-FE93E3B32005}"
EndProject
Global
	GlobalSection(SolutionConfigurationPlatforms) = preSolution
		Debug|Any CPU = Debug|Any CPU
		Release|Any CPU = Release|Any CPU
	EndGlobalSection
	GlobalSection(ProjectConfigurationPlatforms) = postSolution
		{82E8A86C-1336-449E-86A6-C71F9CDBE274}.Debug|Any CPU.ActiveCfg = Debug|Any CPU
		{82E8A86C-1336-449E-86A6-C71F9CDBE274}.Debug|Any CPU.Build.0 = Debug|Any CPU
		{82E8A86C-1336-449E-86A6-C71F9CDBE274}.Release|Any CPU.ActiveCfg = Release|Any CPU
		{82E8A86C-1336-449E-86A6-C71F9CDBE274}.Release|Any CPU.Build.0 = Release|Any CPU
		{C0A91B22-FB32-4688-A359-B4BCB13DF451}.Debug|Any CPU.ActiveCfg = Debug|Any CPU
		{C0A91B22-FB32-4688-A359-B4BCB13DF451}.Debug|Any CPU.Build.0 = Debug|Any CPU
		{C0A91B22-FB32-4688-A359-B4BCB13DF451}.Release|Any CPU.ActiveCfg = Release|Any CPU
		{C0A91B22-FB32-4688-A359-B4BCB13DF451}.Release|Any CPU.Build.0 = Release|Any CPU
		{C459688B-000B-4705-9E18-028E3A0FCC42}.Debug|Any CPU.ActiveCfg = Debug|Any CPU
		{C459688B-000B-4705-9E18-028E3A0FCC42}.Debug|Any CPU.Build.0 = Debug|Any CPU
		{C459688B-000B-4705-9E18-028E3A0FCC42}.Release|Any CPU.ActiveCfg = Release|Any CPU
		{C459688B-000B-4705-9E18-028E3A0FCC42}.Release|Any CPU.Build.0 = Release|Any CPU
		{686CAD67-A58B-4C8C-89E6-6393D878CE0B}.Debug|Any CPU.ActiveCfg = Debug|Any CPU
		{686CAD67-A58B-4C8C-89E6-6393D878CE0B}.Debug|Any CPU.Build.0 = Debug|Any CPU
		{686CAD67-A58B-4C8C-89E6-6393D878CE0B}.Release|Any CPU.ActiveCfg = Release|Any CPU
		{686CAD67-A58B-4C8C-89E6-6393D878CE0B}.Release|Any CPU.Build.0 = Release|Any CPU
		{96E81F7F-2971-4236-878A-FE93E3B32005}.Debug|Any CPU.ActiveCfg = Debug|Any CPU
		{96E81F7F-2971-4236-878A-FE93E3B32005}.Debug|Any CPU.Build.0 = Debug|Any CPU
		{96E81F7F-2971-4236-878A-FE93E3B32005}.Release|Any CPU.ActiveCfg = Release|Any CPU
		{96E81F7F-2971-4236-878A-FE93E3B32005}.Release|Any CPU.Build.0 = Release|Any CPU
	EndGlobalSection
	GlobalSection(SolutionProperties) = preSolution
		HideSolutionNode = FALSE
	EndGlobalSection
	GlobalSection(ExtensibilityGlobals) = postSolution
		SolutionGuid = {9386B9B9-8151-4BE3-AA00-7F802E70EEAF}
	EndGlobalSection
EndGlobal
